github.com/BurntSushi/toml v0.3.1/go.mod h1:xHWCNGjB5oqiDr8zfno3MHue2Ht5sIBksp03qcyfWMU=
github.com/Knetic/govaluate v3.0.0+incompatible/go.mod h1:r7JcOSlj0wfOMncg0iLm8Leh48TZaKVeNIfJntJ2wa0=
github.com/OwnLocal/goes v1.0.0/go.mod h1:8rIFjBGTue3lCU0wplczcUgt9Gxgrkkrw7etMIcn8TM=
github.com/afocus/captcha v0.0.0-20191010092841-4bd1f21c8868 h1:uFrPOl1VBt/Abfl2z+A/DFc+AwmFLxEHR1+Yq6cXvww=
github.com/afocus/captcha v0.0.0-20191010092841-4bd1f21c8868/go.mod h1:srphKZ1i+yGXxl/LpBS7ZIECTjCTPzZzAMtJWoG3sLo=
github.com/armon/circbuf v0.0.0-20150827004946-bbbad097214e/go.mod h1:3U/XgcO3hCbHZ8TKRvWD2dDTCfh9M9ya+I9JpbB7O8o=
github.com/armon/go-metrics v0.0.0-20180917152333-f0300d1749da h1:8GUt8eRujhVEGZFFEjBj46YV4rDjvGrNxb0KMWYkL2I=
github.com/armon/go-metrics v0.0.0-20180917152333-f0300d1749da/go.mod h1:Q73ZrmVTwzkszR9V5SSuryQ31EELlFMUz1kKyl939pY=
github.com/armon/go-radix v0.0.0-20180808171621-7fddfc383310/go.mod h1:ufUuZ+zHj4x4TnLV4JWEpy2hxWSpsRywHrMgIH9cCH8=
github.com/astaxie/beego v1.12.0 h1:MRhVoeeye5N+Flul5PoVfD9CslfdoH+xqC/xvSQ5u2Y=
github.com/astaxie/beego v1.12.0/go.mod h1:fysx+LZNZKnvh4GED/xND7jWtjCR6HzydR2Hh2Im57o=
github.com/beego/goyaml2 v0.0.0-20130207012346-5545475820dd/go.mod h1:1b+Y/CofkYwXMUU0OhQqGvsY2Bvgr4j6jfT699wyZKQ=
github.com/beego/x2j v0.0.0-20131220205130-a0352aadc542/go.mod h1:kSeGC/p1AbBiEp5kat81+DSQrZenVBZXklMLaELspWU=
github.com/bgentry/speakeasy v0.1.0/go.mod h1:+zsyZBPWlz7T6j88CTgSN5bM796AkVf0kBD4zp0CCIs=
github.com/bradfitz/gomemcache v0.0.0-20180710155616-bc664df96737/go.mod h1:PmM6Mmwb0LSuEubjR8N7PtNe1KxZLtOUHtbeikc5h60=
github.com/casbin/casbin v1.7.0/go.mod h1:c67qKN6Oum3UF5Q1+BByfFxkwKvhwW57ITjqwtzR1KE=
github.com/census-instrumentation/opencensus-proto v0.2.1/go.mod h1:f6KPmirojxKA12rnyqOA5BBL4O983OfeGPqjHWSTneU=
github.com/client9/misspell v0.3.4/go.mod h1:qj6jICC3Q7zFZvVWo7KLAzC3yx5G7kyvSDkc90ppPyw=
github.com/cloudflare/golz4 v0.0.0-20150217214814-ef862a3cdc58/go.mod h1:EOBUe0h4xcZ5GoxqC5SDxFQ8gwyZPKQoEzownBlhI80=
github.com/couchbase/go-couchbase v0.0.0-20181122212707-3e9b6e1258bb/go.mod h1:TWI8EKQMs5u5jLKW/tsb9VwauIrMIxQG1r5fMsswK5U=
github.com/couchbase/gomemcached v0.0.0-20181122193126-5125a94a666c/go.mod h1:srVSlQLB8iXBVXHgnqemxUXqN6FCvClgCMPCsjBDR7c=
github.com/couchbase/goutils v0.0.0-20180530154633-e865a1461c8a/go.mod h1:BQwMFlJzDjFDG3DJUdU0KORxn88UlsOULuxLExMh3Hs=
github.com/cupcake/rdb v0.0.0-20161107195141-43ba34106c76/go.mod h1:vYwsqCOLxGiisLwp9rITslkFNpZD5rz43tf41QFkTWY=
github.com/davecgh/go-spew v1.1.0/go.mod h1:J7Y8YcW2NihsgmVo/mv3lAwl/skON4iLHjSsI+c5H38=
github.com/davecgh/go-spew v1.1.1 h1:vj9j/u1bqnvCEfJOwUhtlOARqs3+rkHYY13jYWTU97c=
github.com/davecgh/go-spew v1.1.1/go.mod h1:J7Y8YcW2NihsgmVo/mv3lAwl/skON4iLHjSsI+c5H38=
github.com/edsrzf/mmap-go v0.0.0-20170320065105-0bce6a688712/go.mod h1:YO35OhQPt3KJa3ryjFM5Bs14WD66h8eGKpfaBNrHW5M=
github.com/elazarl/go-bindata-assetfs v1.0.0 h1:G/bYguwHIzWq9ZoyUQqrjTmJbbYn3j3CKKpKinvZLFk=
github.com/elazarl/go-bindata-assetfs v1.0.0/go.mod h1:v+YaWX3bdea5J/mo8dSETolEo7R71Vk1u8bnjau5yw4=
github.com/envoyproxy/go-control-plane v0.9.1-0.20191026205805-5f8ba28d4473/go.mod h1:YTl/9mNaCwkRvm6d1a2C3ymFceY/DCBVvsKhRF0iEA4=
github.com/envoyproxy/protoc-gen-validate v0.1.0/go.mod h1:iSmxcyjqTsJpI2R4NaDN7+kN2VEUnK/pcBlmesArF7c=
github.com/fatih/color v1.7.0/go.mod h1:Zm6kSWBoL9eyXnKyktHP6abPY2pDugNf5KwzbycvMj4=
github.com/garyburd/redigo v1.6.0 h1:0VruCpn7yAIIu7pWVClQC8wxCJEcG3nyzpMSHKi1PQc=
github.com/garyburd/redigo v1.6.0/go.mod h1:NR3MbYisc3/PwhQ00EMzDiPmrwpPxAn5GI05/YaO1SY=
github.com/go-log/log v0.1.0 h1:wudGTNsiGzrD5ZjgIkVZ517ugi2XRe9Q/xRCzwEO4/U=
github.com/go-log/log v0.1.0/go.mod h1:4mBwpdRMFLiuXZDCwU2lKQFsoSCo72j3HqBK9d81N2M=
github.com/go-redis/redis v6.14.2+incompatible/go.mod h1:NAIEuMOZ/fxfXJIrKDQDz8wamY7mA7PouImQ2Jvg6kA=
github.com/go-sql-driver/mysql v1.4.1 h1:g24URVg0OFbNUTx9qqY1IRZ9D9z3iPyi5zKhQZpNwpA=
github.com/go-sql-driver/mysql v1.4.1/go.mod h1:zAC/RDZ24gD3HViQzih4MyKcchzm+sOG5ZlKdlhCg5w=
github.com/gogo/protobuf v1.1.1/go.mod h1:r8qH/GZQm5c6nD/R0oafs1akxWv10x8SbQlK7atdtwQ=
github.com/golang/appengine v1.3.0 h1:AOteEO+rKCPJl3mK05UHlcX+iigXY+WlRj1BcLTdPfM=
github.com/golang/appengine v1.3.0/go.mod h1:xpcJRLb0r/rnEns0DIKYYv+WjYCduHsrkT7/EB5XEv4=
github.com/golang/crypto v0.0.0-20191219195013-becbf705a915 h1:tGb8/hCWnrIlSRKhwwt44dBRuQozybfXjM6K6GyO05s=
github.com/golang/crypto v0.0.0-20191219195013-becbf705a915/go.mod h1:LzIPMQfyMNhhGPhUkYOs5KpL4U8rLKemX1yGLhDgUto=
github.com/golang/freetype v0.0.0-20170609003504-e2365dfdc4a0 h1:DACJavvAHhabrF08vX0COfcOBJRhZ8lUbR+ZWIs0Y5g=
github.com/golang/freetype v0.0.0-20170609003504-e2365dfdc4a0/go.mod h1:E/TSTwGwJL78qG/PmXZO1EjYhfJinVAhrmmHX6Z8B9k=
github.com/golang/glog v0.0.0-20160126235308-23def4e6c14b/go.mod h1:SBH7ygxi8pfUlaOkMMuAQtPIUF8ecWP5IEl/CR7VP2Q=
github.com/golang/lint v0.0.0-20180702182130-06c8688daad7/go.mod h1:tluoj9z5200jBnyusfRPU2LqT6J+DAorxEvtC7LHB+E=
github.com/golang/mock v1.1.1/go.mod h1:oTYuIxOrZwtPieC+H1uAHpcLFnEyAGVDL/k47Jfbm0A=
github.com/golang/protobuf v1.2.0 h1:P3YflyNX/ehuJFLhxviNdFxQPkGK5cDcApsge1SqnvM=
github.com/golang/protobuf v1.2.0/go.mod h1:6lQm79b+lXiMfvg/cZm0SGofjICqVBUtrP5yJMmIC1U=
github.com/golang/protobuf v1.3.2 h1:6nsPYzhq5kReh6QImI3k5qWzO4PEbvbIW2cwSfR/6xs=
github.com/golang/protobuf v1.3.2/go.mod h1:6lQm79b+lXiMfvg/cZm0SGofjICqVBUtrP5yJMmIC1U=
github.com/golang/snappy v0.0.0-20180518054509-2e65f85255db/go.mod h1:/XxbfmMg8lxefKM7IXC3fBNl/7bRcc72aCRzEWrmP2Q=
github.com/golang/tools v0.0.0-20181219222714-6e267b5cc78e/go.mod h1:BZR6KJOI/IQ5FlSQroxL7yevEMRCz1dARTXHD9s4mHE=
github.com/gomodule/redigo v2.0.0+incompatible h1:K/R+8tc58AaqLkqG2Ol3Qk+DR/TlNuhuh457pBFPtt0=
github.com/gomodule/redigo v2.0.0+incompatible/go.mod h1:B4C85qUVwatsJoIUNIfCRsp7qO0iAmpGFZ4EELWSbC4=
github.com/google/btree v0.0.0-20180813153112-4030bb1f1f0c h1:964Od4U6p2jUkFxvCydnIczKteheJEzHRToSGK3Bnlw=
github.com/google/btree v0.0.0-20180813153112-4030bb1f1f0c/go.mod h1:lNA+9X1NB3Zf8V7Ke586lFgjr2dZNuvo3lPJSGZ5JPQ=
github.com/google/go-cmp v0.2.0/go.mod h1:oXzfMopK8JAjlY9xF4vHSVASa0yLyX7SntLO5aqRK0M=
github.com/google/go-genproto v0.0.0-20181219182458-5a97ab628bfb/go.mod h1:7Ep/1NZk928CDR8SjdVbjWNpdIf6nzjE3BTgJDr2Atg=
github.com/google/uuid v1.1.0/go.mod h1:TIyPZe4MgqvfeYDBFedMoGGpEw/LqOeaOT+nhxU+yHo=
github.com/google/uuid v1.1.1 h1:Gkbcsh/GbpXz7lPftLA3P6TYMwjCLYm83jiFQZF/3gY=
github.com/google/uuid v1.1.1/go.mod h1:TIyPZe4MgqvfeYDBFedMoGGpEw/LqOeaOT+nhxU+yHo=
github.com/googleapis/google-cloud-go v0.34.0/go.mod h1:yJoOdPPE9UpqbamBhJvp7Ur6OUPPV4rUY3RnssPGNBA=
github.com/grpc/grpc-go v1.26.0/go.mod h1:qbnxyOmOxrQa7FizSgH+ReBfzJrCY1pSN7KXBS8abTk=
github.com/hashicorp/consul v1.4.2 h1:D9iJoJb8Ehe/Zmr+UEE3U3FjOLZ4LUxqFMl4O43BM1U=
github.com/hashicorp/consul v1.4.2/go.mod h1:mFrjN1mfidgJfYP1xrJCF+AfRhr6Eaqhb2+sfyn/OOI=
github.com/hashicorp/errwrap v1.0.0 h1:hLrqtEDnRye3+sgx6z4qVLNuviH3MR5aQ0ykNJa/UYA=
github.com/hashicorp/errwrap v1.0.0/go.mod h1:YH+1FKiLXxHSkmPseP+kNlulaMuP3n2brvKWEqk/Jc4=
github.com/hashicorp/go-cleanhttp v0.5.0 h1:wvCrVc9TjDls6+YGAF2hAifE1E5U1+b4tH6KdvN3Gig=
github.com/hashicorp/go-cleanhttp v0.5.0/go.mod h1:JpRdi6/HCYpAwUzNwuwqhbovhLtngrth3wmdIIUrZ80=
github.com/hashicorp/go-immutable-radix v1.0.0 h1:AKDB1HM5PWEA7i4nhcpwOrO2byshxBjXVn/J/3+z5/0=
github.com/hashicorp/go-immutable-radix v1.0.0/go.mod h1:0y9vanUI8NX6FsYoO3zeMjhV/C5i9g4Q3DwcSNZ4P60=
github.com/hashicorp/go-msgpack v0.5.3 h1:zKjpN5BK/P5lMYrLmBHdBULWbJ0XpYR+7NGzqkZzoD4=
github.com/hashicorp/go-msgpack v0.5.3/go.mod h1:ahLV/dePpqEmjfWmKiqvPkv/twdG7iPBM1vqhUKIvfM=
github.com/hashicorp/go-multierror v1.0.0 h1:iVjPR7a6H0tWELX5NxNe7bYopibicUzc7uPribsnS6o=
github.com/hashicorp/go-multierror v1.0.0/go.mod h1:dHtQlpGsu+cZNNAkkCN/P3hoUDHhCYQXV3UM06sGGrk=
github.com/hashicorp/go-rootcerts v1.0.0 h1:Rqb66Oo1X/eSV1x66xbDccZjhJigjg0+e82kpwzSwCI=
github.com/hashicorp/go-rootcerts v1.0.0/go.mod h1:K6zTfqpRlCUIjkwsN4Z+hiSfzSTQa6eBIzfwKfwNnHU=
github.com/hashicorp/go-sockaddr v1.0.0 h1:GeH6tui99pF4NJgfnhp+L6+FfobzVW3Ah46sLo0ICXs=
github.com/hashicorp/go-sockaddr v1.0.0/go.mod h1:7Xibr9yA9JjQq1JpNB2Vw7kxv8xerXegt+ozgdvDeDU=
github.com/hashicorp/go-syslog v1.0.0/go.mod h1:qPfqrKkXGihmCqbJM2mZgkZGvKG1dFdvsLplgctolz4=
github.com/hashicorp/go-uuid v1.0.0/go.mod h1:6SBZvOh/SIDV7/2o3Jml5SYk/TvGqwFJ/bN7x4byOro=
github.com/hashicorp/go-uuid v1.0.1 h1:fv1ep09latC32wFoVwnqcnKJGnMSdBanPczbHAYm1BE=
github.com/hashicorp/go-uuid v1.0.1/go.mod h1:6SBZvOh/SIDV7/2o3Jml5SYk/TvGqwFJ/bN7x4byOro=
github.com/hashicorp/go.net v0.0.1/go.mod h1:hjKkEWcCURg++eb33jQU7oqQcI9XDCnUzHA0oac0k90=
github.com/hashicorp/golang-lru v0.5.0 h1:CL2msUPvZTLb5O648aiLNJw3hnBxN2+1Jq8rCOH9wdo=
github.com/hashicorp/golang-lru v0.5.0/go.mod h1:/m3WP610KZHVQ1SGc6re/UDhFvYD7pJ4Ao+sR/qLZy8=
github.com/hashicorp/logutils v1.0.0/go.mod h1:QIAnNjmIWmVIIkWDTG1z5v++HQmx9WQRO+LraFDTW64=
github.com/hashicorp/mdns v1.0.0/go.mod h1:tL+uN++7HEJ6SQLQ2/p+z2pH24WQKWjBPkE0mNTz8vQ=
github.com/hashicorp/memberlist v0.1.3 h1:EmmoJme1matNzb+hMpDuR/0sbJSUisxyqBGG676r31M=
github.com/hashicorp/memberlist v0.1.3/go.mod h1:ajVTdAv/9Im8oMAAj5G31PhhMCZJV2pPBoIllUwCN7I=
github.com/hashicorp/serf v0.8.2 h1:YZ7UKsJv+hKjqGVUUbtE3HNj79Eln2oQ75tniF6iPt0=
github.com/hashicorp/serf v0.8.2/go.mod h1:6hOLApaqBFA1NXqRQAsxw9QxuDEvNxSQRwA/JwenrHc=
github.com/julienschmidt/httprouter v1.3.0 h1:U0609e9tgbseu3rBINet9P48AI/D3oJs4dN7jwJOQ1U=
github.com/julienschmidt/httprouter v1.3.0/go.mod h1:JR6WtHb+2LUe8TCKY3cZOxFyyO8IZAc4RVcycCCAKdM=
github.com/kisielk/gotool v1.0.0/go.mod h1:XhKaO+MFFWcvkIS/tQcRk01m1F5IRFswLeQ+oQHNcck=
github.com/kr/pretty v0.1.0 h1:L/CwN0zerZDmRFUapSPitk6f+Q3+0za1rQkzVuMiMFI=
github.com/kr/pretty v0.1.0/go.mod h1:dAy3ld7l9f0ibDNOQOHHMYYIIbhfbHSm3C4ZsoJORNo=
github.com/kr/pty v1.1.1/go.mod h1:pFQYn66WHrOpPYNljwOMqo10TkYh1fy3cYio2l3bCsQ=
github.com/kr/text v0.1.0 h1:45sCR5RtlFHMR4UwH9sdQ5TC8v0qDQCHnXt+kaKSTVE=
github.com/kr/text v0.1.0/go.mod h1:4Jbv+DJW3UT/LiOwJeYQe1efqtUx/iVham/4vfdArNI=
github.com/lib/pq v1.0.0 h1:X5PMW56eZitiTeO7tKzZxFCSpbFZJtkMMooicw2us9A=
github.com/lib/pq v1.0.0/go.mod h1:5WUZQaWbwv1U+lTReE5YruASi9Al49XbQIvNi/34Woo=
github.com/mattn/go-colorable v0.0.9/go.mod h1:9vuHe8Xs5qXnSaW/c/ABM9alt+Vo+STaOChaDxuIBZU=
github.com/mattn/go-isatty v0.0.3/go.mod h1:M+lRXTBqGeGNdLjl/ufCoiOlB5xdOkqRJdNxMWT7Zi4=
github.com/mattn/go-sqlite3 v1.10.0 h1:jbhqpg7tQe4SupckyijYiy0mJJ/pRyHvXf7JdWK860o=
github.com/mattn/go-sqlite3 v1.10.0/go.mod h1:FPy6KqzDD04eiIsT53CuJW3U88zkxoIYsOqkbpncsNc=
github.com/micro/cli v0.0.0-20181223203424-1b0c9793c300/go.mod h1:x9x6qy+tXv17jzYWQup462+j3SIUgDa6vVTzU4IXy/w=
github.com/micro/cli v0.2.0 h1:ut3rV5JWqZjsXIa2MvGF+qMUP8DAUTvHX9Br5gO4afA=
github.com/micro/cli v0.2.0/go.mod h1:jRT9gmfVKWSS6pkKcXQ8YhUyj6bzwxK8Fp5b0Y7qNnk=
github.com/micro/go-log v0.1.0 h1:szYSR+yyTsomZM2jyinJC5562DlqffSjHmTZFaeZ2vY=
github.com/micro/go-log v0.1.0/go.mod h1:qaFBF6d6Jk01Gz4cbMkCA2vVuLk3FSaLLjmEGrMCreA=
github.com/micro/go-micro v0.23.0 h1:1/nCg4j2IogYRXHu0BJOi0qltbGaEXcq0UCrumx3YcM=
github.com/micro/go-micro v0.23.0/go.mod h1:3z3lfMkNU9Sr1L/CxL++8pVJmQapRo0N6kNjwYDtOVs=
github.com/micro/go-micro v1.18.0 h1:gP70EZVHpJuUIT0YWth192JmlIci+qMOEByHm83XE9E=
github.com/micro/go-rcache v0.1.0 h1:YTIgANVHgBe1XOQ/yLICL+s2gbZCAdW+c2ckhekjkuc=
github.com/micro/go-rcache v0.1.0/go.mod h1:INzyZjXO5M+PmN2A33YxD4TaOY61xjFIM4CfSHv+At8=
github.com/micro/go-web v1.0.0 h1:gIiRVVuVWTZIKDlJxhoDr6/uRxegQmKRTsVTILaN/cc=
github.com/micro/go-web v1.0.0/go.mod h1:d7+RTjvq5mvsIq55hq1/84kbYBbvJKrcUcBxBbQR5Nc=
github.com/micro/h2c v1.0.0 h1:ejw6MS5+WaUoMHRtqkVCCrrVzLMzOFEH52rEyd8Fl2I=
github.com/micro/h2c v1.0.0/go.mod h1:54sOOQW/GRlHhH43vKwOhUb+kHaXhVxR0d3CJhn9alE=
github.com/micro/mdns v0.0.0-20181201230301-9c3770d4057a h1:QD0DngoQMpPt8pvimhNtIJiocn4C+IyqpazrEYX1lHo=
github.com/micro/mdns v0.0.0-20181201230301-9c3770d4057a/go.mod h1:SQG6o/94RinohLuB5noHSevg2Iqg2wXLDUn4lj2LWWo=
github.com/micro/util v0.1.0 h1:ghhF5KKRNlKMexzK+cWo6W6uRAZdKy1UKG/9O74NCYc=
github.com/micro/util v0.1.0/go.mod h1:MZgOs0nwxzv9k4xQo4fpF9IwZGF2O96F5/phP9X4/Sw=
github.com/miekg/dns v1.0.14/go.mod h1:W1PPwlIAgtquWBMBEV9nkV9Cazfe8ScdGz/Lj7v3Nrg=
github.com/miekg/dns v1.1.3 h1:1g0r1IvskvgL8rR+AcHzUA+oFmGcQlaIm4IqakufeMM=
github.com/miekg/dns v1.1.3/go.mod h1:W1PPwlIAgtquWBMBEV9nkV9Cazfe8ScdGz/Lj7v3Nrg=
github.com/mitchellh/cli v1.0.0/go.mod h1:hNIlj7HEI86fIcpObd7a0FcrxTWetlwJDGcceTlRvqc=
github.com/mitchellh/go-homedir v1.0.0/go.mod h1:SfyaCUpYCn1Vlf4IUYiD9fPX4A5wJrkLzIz1N1q0pr0=
github.com/mitchellh/gox v0.4.0/go.mod h1:Sd9lOJ0+aimLBi73mGofS1ycjY8lL3uZM3JPS42BGNg=
github.com/mitchellh/hashstructure v1.0.0 h1:ZkRJX1CyOoTkar7p/mLS5TZU4nJ1Rn/F8u9dGS02Q3Y=
github.com/mitchellh/hashstructure v1.0.0/go.mod h1:QjSHrPWS+BGUVBYkbTZWEnOh3G1DutKwClXU/ABz6AQ=
github.com/mitchellh/iochan v1.0.0/go.mod h1:JwYml1nuB7xOzsp52dPpHFffvOCDupsG0QubkSMEySY=
github.com/mitchellh/mapstructure v0.0.0-20160808181253-ca63d7c062ee/go.mod h1:FVVH3fgwuzCH5S8UJGiWEs2h04kUh9fWfEaFds41c1Y=
github.com/mitchellh/mapstructure v1.1.2 h1:fmNYVwqnSfB9mZU6OS2O6GsXM+wcskZDuKQzvN1EDeE=
github.com/mitchellh/mapstructure v1.1.2/go.mod h1:FVVH3fgwuzCH5S8UJGiWEs2h04kUh9fWfEaFds41c1Y=
github.com/pascaldekloe/goe v0.0.0-20180627143212-57f6aae5913c h1:Lgl0gzECD8GnQ5QCWA8o6BtfL6mDH5rQgM4/fX3avOs=
github.com/pascaldekloe/goe v0.0.0-20180627143212-57f6aae5913c/go.mod h1:lzWF7FIEvWOWxwDKqyGYQf6ZUaNfKdP144TG7ZOy1lc=
github.com/pelletier/go-toml v1.2.0/go.mod h1:5z9KED0ma1S8pY6P1sdut58dfprrGBbd/94hg7ilaic=
github.com/pkg/errors v0.8.0/go.mod h1:bwawxfHBFNV+L2hUp1rHADufV3IMtnDRdf1r5NINEl0=
github.com/pkg/errors v0.8.1 h1:iURUrRGxPUNPdy5/HRSm+Yj6okJ6UtLINN0Q9M4+h3I=
github.com/pkg/errors v0.8.1/go.mod h1:bwawxfHBFNV+L2hUp1rHADufV3IMtnDRdf1r5NINEl0=
github.com/pmezard/go-difflib v1.0.0 h1:4DBwDE0NGyQoBHbLQYPwSUPoCMWR5BEzIk/f1lZbAQM=
github.com/pmezard/go-difflib v1.0.0/go.mod h1:iKH77koFhYxTK1pcRnkKkqfTogsbg7gZNVY4sRDYZ/4=
github.com/posener/complete v1.1.1/go.mod h1:em0nMJCgc9GFtwrmVmEMR/ZL6WyhyjMBndrE9hABlRI=
github.com/prometheus/client_model v0.0.0-20190812154241-14fe0d1b01d4/go.mod h1:xMI15A0UPsDsEKsMN9yxemIoYk6Tm2C1GtYGdfGttqA=
github.com/ryanuber/columnize v0.0.0-20160712163229-9b3edd62028f/go.mod h1:sm1tb6uqfes/u+d4ooFouqFdy9/2g9QGwK3SQygK0Ts=
github.com/sean-/seed v0.0.0-20170313163322-e2103e2c3529 h1:nn5Wsu0esKSJiIVhscUtVbo7ada43DJhG55ua/hjS5I=
github.com/sean-/seed v0.0.0-20170313163322-e2103e2c3529/go.mod h1:DxrIzT+xaE7yg65j358z/aeFdxmN0P9QXhEzd20vsDc=
github.com/shiena/ansicolor v0.0.0-20151119151921-a422bbe96644 h1:X+yvsM2yrEktyI+b2qND5gpH8YhURn0k8OCaeRnkINo=
github.com/shiena/ansicolor v0.0.0-20151119151921-a422bbe96644/go.mod h1:nkxAfR/5quYxwPZhyDxgasBMnRtBZd0FCEpawpjMUFg=
github.com/siddontang/go v0.0.0-20180604090527-bdc77568d726/go.mod h1:3yhqj7WBBfRhbBlzyOC3gUxftwsU0u8gqevxwIHQpMw=
github.com/siddontang/ledisdb v0.0.0-20181029004158-becf5f38d373/go.mod h1:mF1DpOSOUiJRMR+FDqaqu3EBqrybQtrDDszLUZ6oxPg=
github.com/siddontang/rdb v0.0.0-20150307021120-fc89ed2e418d/go.mod h1:AMEsy7v5z92TR1JKMkLLoaOQk++LVnOKL3ScbJ8GNGA=
github.com/ssdb/gossdb v0.0.0-20180723034631-88f6b59b84ec/go.mod h1:QBvMkMya+gXctz3kmljlUCu/yB3GZ6oee+dUozsezQE=
github.com/stretchr/objx v0.1.0/go.mod h1:HFkY916IF+rwdDfMAkV7OtwuqBVzrE8GR6GFx+wExME=
github.com/stretchr/testify v1.2.2/go.mod h1:a8OnRcib4nhh0OaRAV+Yts87kKdq0PP7pXfy6kDkUVs=
github.com/stretchr/testify v1.3.0 h1:TivCn/peBQ7UY8ooIcPgZFpTNSz0Q2U6UrFlUfqbe0Q=
github.com/stretchr/testify v1.3.0/go.mod h1:M5WIy9Dh21IEIfnGCwXGc5bZfKNJtfHm1UVUgZn+9EI=
github.com/syndtr/goleveldb v0.0.0-20181127023241-353a9fca669c/go.mod h1:Z4AUp2Km+PwemOoO/VB5AOx9XSsIItzFjoJlOSiYmn0=
github.com/wendal/errors v0.0.0-20130201093226-f66c77a7882b/go.mod h1:Q12BUT7DqIlHRmgv3RskH+UCM/4eqVMgI0EMmlSpAXc=
golang.org/x/image v0.0.0-20191214001246-9130b4cfad52 h1:2fktqPPvDiVEEVT/vSTeoUPXfmRxRaGy6GU8jypvEn0=
golang.org/x/image v0.0.0-20191214001246-9130b4cfad52/go.mod h1:FeLwcggjj3mMvU+oOTbSwawSJRM1uh48EjtB4UJZlP0=
golang.org/x/lint v0.0.0-20180702182130-06c8688daad7/go.mod h1:UVdnD1Gm6xHRNCYTkRU2/jEulfH38KcIWyp/GAMgvoE=
golang.org/x/lint v0.0.0-20190313153728-d0100b6bd8b3/go.mod h1:6SW0HCj/g11FgYtHlgUYUwCkIfeOF89ocIRzGO/8vkc=
golang.org/x/net v0.0.0-20180724234803-3673e40ba225/go.mod h1:mL1N/T3taQHkDXs73rZJwtUhF3w3ftmwwsq0BUmARs4=
golang.org/x/net v0.0.0-20180826012351-8a410e7b638d/go.mod h1:mL1N/T3taQHkDXs73rZJwtUhF3w3ftmwwsq0BUmARs4=
golang.org/x/net v0.0.0-20181023162649-9b4f9f5ad519/go.mod h1:mL1N/T3taQHkDXs73rZJwtUhF3w3ftmwwsq0BUmARs4=
golang.org/x/net v0.0.0-20181106065722-10aee1819953/go.mod h1:mL1N/T3taQHkDXs73rZJwtUhF3w3ftmwwsq0BUmARs4=
golang.org/x/net v0.0.0-20181114220301-adae6a3d119a/go.mod h1:mL1N/T3taQHkDXs73rZJwtUhF3w3ftmwwsq0BUmARs4=
golang.org/x/net v0.0.0-20181201002055-351d144fa1fc/go.mod h1:mL1N/T3taQHkDXs73rZJwtUhF3w3ftmwwsq0BUmARs4=
golang.org/x/net v0.0.0-20190125091013-d26f9f9a57f3/go.mod h1:mL1N/T3taQHkDXs73rZJwtUhF3w3ftmwwsq0BUmARs4=
golang.org/x/net v0.0.0-20190311183353-d8887717615a/go.mod h1:t9HGtf8HONx5eT2rtn7q6eTqICYqUVnKs3thJo3Qplg=
golang.org/x/net v0.0.0-20190404232315-eb5bcb51f2a3/go.mod h1:t9HGtf8HONx5eT2rtn7q6eTqICYqUVnKs3thJo3Qplg=
golang.org/x/net v0.0.0-20190603091049-60506f45cf65 h1:+rhAzEzT3f4JtomfC371qB+0Ola2caSKcY69NUBZrRQ=
golang.org/x/net v0.0.0-20190603091049-60506f45cf65/go.mod h1:HSz+uSET+XFnRR8LxR5pz3Of3rY3CfYBVs4xY44aLks=
golang.org/x/oauth2 v0.0.0-20180821212333-d2e6202438be/go.mod h1:N/0e6XlmueqKjAGxoOufVs8QHGRruUQn6yWY3a++T0U=
golang.org/x/sync v0.0.0-20180314180146-1d60e4601c6f/go.mod h1:RxMgew5VJxzue5/jJTE5uejpjVlOe/izrB70Jof72aM=
golang.org/x/sync v0.0.0-20181108010431-42b317875d0f/go.mod h1:RxMgew5VJxzue5/jJTE5uejpjVlOe/izrB70Jof72aM=
golang.org/x/sync v0.0.0-20181221193216-37e7f081c4d4 h1:YUO/7uOKsKeq9UokNS62b8FYywz3ker1l1vDZRCRefw=
golang.org/x/sync v0.0.0-20181221193216-37e7f081c4d4/go.mod h1:RxMgew5VJxzue5/jJTE5uejpjVlOe/izrB70Jof72aM=
golang.org/x/sys v0.0.0-20180823144017-11551d06cbcc/go.mod h1:STP8DvDyc/dI5b8T5hshtkjS+E42TnysNCUPdjciGhY=
golang.org/x/sys v0.0.0-20180830151530-49385e6e1522/go.mod h1:STP8DvDyc/dI5b8T5hshtkjS+E42TnysNCUPdjciGhY=
golang.org/x/sys v0.0.0-20181026203630-95b1ffbd15a5/go.mod h1:STP8DvDyc/dI5b8T5hshtkjS+E42TnysNCUPdjciGhY=
golang.org/x/sys v0.0.0-20190129075346-302c3dd5f1cc/go.mod h1:STP8DvDyc/dI5b8T5hshtkjS+E42TnysNCUPdjciGhY=
golang.org/x/sys v0.0.0-20190215142949-d0b11bdaac8a/go.mod h1:STP8DvDyc/dI5b8T5hshtkjS+E42TnysNCUPdjciGhY=
golang.org/x/sys v0.0.0-20190412213103-97732733099d h1:+R4KGOnez64A81RvjARKc4UT5/tI9ujCIVX+P5KiHuI=
golang.org/x/sys v0.0.0-20190412213103-97732733099d/go.mod h1:h1NjWce9XRLGQEsW7wpKNCjG9DtNlClVuFLEZdDNbEs=
golang.org/x/text v0.3.0/go.mod h1:NqM8EUOU14njkJ3fqMW+pc6Ldnwhi/IjpwHt7yyuwOQ=
golang.org/x/text v0.3.2 h1:tW2bmiBqwgJj/UpqtC8EpXEZVYOwU0yG4iWbprSVAcs=
golang.org/x/text v0.3.2/go.mod h1:bEr9sfX3Q8Zfm5fL9x+3itogRgK3+ptLWKqgva+5dAk=
google.golang.org/grpc v1.16.0/go.mod h1:0JHn/cJsOMiMfNA9+DeHDlAU7KAAB5GDlYFpa9MZMio=
google.golang.org/grpc v1.23.0/go.mod h1:Y5yQAOtifL1yxbo5wqy6BxZv8vAUGQwXBOALyacEbxg=
google.golang.org/grpc v1.26.0/go.mod h1:qbnxyOmOxrQa7FizSgH+ReBfzJrCY1pSN7KXBS8abTk=
gopkg.in/check.v1 v0.0.0-20161208181325-20d25e280405/go.mod h1:Co6ibVJAznAaIkqp8huTwlJQCZ016jof/cbN4VW5Yz0=
gopkg.in/check.v1 v1.0.0-20180628173108-788fd7840127 h1:qIbj1fsPNlZgppZ+VLlY7N33q108Sa+fhmuc+sWQYwY=
gopkg.in/check.v1 v1.0.0-20180628173108-788fd7840127/go.mod h1:Co6ibVJAznAaIkqp8huTwlJQCZ016jof/cbN4VW5Yz0=
gopkg.in/yaml.v2 v2.2.1/go.mod h1:hI93XBmqTisBFMUTm0b8Fm+jr3Dg1NNxqwp+5A1VGuI=
gopkg.in/yaml.v2 v2.2.2 h1:ZCJp+EgiOT7lHqUV2J862kp8Qj64Jo6az82+3Td9dZw=
gopkg.in/yaml.v2 v2.2.2/go.mod h1:hI93XBmqTisBFMUTm0b8Fm+jr3Dg1NNxqwp+5A1VGuI=
honnef.co/go/tools v0.0.0-20180728063816-88497007e858/go.mod h1:rf3lG4BRIbNafJWhAfAdb/ePZxsR/4RtNHQocxwk9r4=
honnef.co/go/tools v0.0.0-20190523083050-ea95bdfd59fc/go.mod h1:rf3lG4BRIbNafJWhAfAdb/ePZxsR/4RtNHQocxwk9r4=
